
Microsoft Visual Studio Solution File, Format Version 12.00
# Visual Studio 15
VisualStudioVersion = 15.0.28302.56
MinimumVisualStudioVersion = 10.0.40219.1
Project("{FAE04EC0-301F-11D3-BF4B-00C04F79EFBC}") = "Libsys", "Libsys\Libsys.csproj", "{C612F9B1-43FA-447F-A8D2-E39EACD7B6B9}"
EndProject
Global
	GlobalSection(SolutionConfigurationPlatforms) = preSolution
		Debug|Any CPU = Debug|Any CPU
		Release|Any CPU = Release|Any CPU
	EndGlobalSection
	GlobalSection(ProjectConfigurationPlatforms) = postSolution
		{C612F9B1-43FA-447F-A8D2-E39EACD7B6B9}.Debug|Any CPU.ActiveCfg = Debug|Any CPU
		{C612F9B1-43FA-447F-A8D2-E39EACD7B6B9}.Debug|Any CPU.Build.0 = Debug|Any CPU
		{C612F9B1-43FA-447F-A8D2-E39EACD7B6B9}.Release|Any CPU.ActiveCfg = Release|Any CPU
		{C612F9B1-43FA-447F-A8D2-E39EACD7B6B9}.Release|Any CPU.Build.0 = Release|Any CPU
	EndGlobalSection
	GlobalSection(SolutionProperties) = preSolution
		HideSolutionNode = FALSE
	EndGlobalSection
	GlobalSection(ExtensibilityGlobals) = postSolution
		SolutionGuid = {6A23970F-6164-49EC-8DAE-F017FE032CFB}
	EndGlobalSection
EndGlobal
